PODS:
  - Action (4.0.0):
    - RxCocoa (~> 5.0)
    - RxSwift (~> 5.0)
  - APIKit (5.1.0)
  - RxCocoa (5.0.1):
    - RxRelay (~> 5)
    - RxSwift (~> 5)
  - RxRelay (5.0.1):
    - RxSwift (~> 5)
  - RxSwift (5.0.1)

DEPENDENCIES:
  - Action
  - APIKit
  - RxCocoa
  - RxSwift

SPEC REPOS:
  trunk:
    - Action
    - APIKit
    - RxCocoa
    - RxRelay
    - RxSwift

SPEC CHECKSUMS:
  Action: 0d14986aad0f1330aa27ce65d0cdeaacbb63d91c
  APIKit: 9e1a4069608bf0ae5238811e6cfc26928ad4d01e
  RxCocoa: e741b9749968e8a143e2b787f1dfbff2b63d0a5c
  RxRelay: 89d54507f4fd4d969e6ec1d4bd7f3673640b4640
  RxSwift: e2dc62b366a3adf6a0be44ba9f405efd4c94e0c4

PODFILE CHECKSUM: f7328ea714fe4e9bc43974588c396989671a8b44

COCOAPODS: 1.9.0
