PODS:
  - Action (4.0.0):
    - RxCocoa (~> 5.0)
    - RxSwift (~> 5.0)
  - APIKit (5.1.0)
  - RxCocoa (5.1.0):
    - RxRelay (~> 5)
    - RxSwift (~> 5)
  - RxRelay (5.1.0):
    - RxSwift (~> 5)
  - RxSwift (5.1.0)
  - RxWebKit (1.0.2):
    - RxCocoa (~> 5.0)
    - RxSwift (~> 5.0)

DEPENDENCIES:
  - Action
  - APIKit
  - RxCocoa
  - RxSwift
  - RxWebKit

SPEC REPOS:
  trunk:
    - Action
    - APIKit
    - RxCocoa
    - RxRelay
    - RxSwift
    - RxWebKit

SPEC CHECKSUMS:
  Action: 0d14986aad0f1330aa27ce65d0cdeaacbb63d91c
  APIKit: 9e1a4069608bf0ae5238811e6cfc26928ad4d01e
  RxCocoa: 13d2a4d7546a34b8ececae8c281e4ea1dbb94f2b
  RxRelay: a168bd6caf712d00c676ac344e9295afc93b418e
  RxSwift: ad5874f24bb0dbffd1e9bb8443604e3578796c7a
  RxWebKit: a3085e7cd8b57182b452692686675702474014dd

PODFILE CHECKSUM: 748b7cf736f85d0d1eed423b6b9238ca20a9aea0

COCOAPODS: 1.9.0
